
Microsoft Visual Studio Solution File, Format Version 12.00
# Visual Studio Version 16
VisualStudioVersion = 16.0.31105.61
MinimumVisualStudioVersion = 10.0.40219.1
Project("{FAE04EC0-301F-11D3-BF4B-00C04F79EFBC}") = "Tests", "EasyRestTests\Tests.csproj", "{E1508495-2E33-4074-AA91-E8EC2E3B60AD}"
EndProject
Project("{FAE04EC0-301F-11D3-BF4B-00C04F79EFBC}") = "PageObjects", "PageObjects\PageObjects.csproj", "{AC3B1258-2E3D-4500-A42C-E3971D036283}"
EndProject
Global
	GlobalSection(SolutionConfigurationPlatforms) = preSolution
		Debug|Any CPU = Debug|Any CPU
		Release|Any CPU = Release|Any CPU
	EndGlobalSection
	GlobalSection(ProjectConfigurationPlatforms) = postSolution
		{E1508495-2E33-4074-AA91-E8EC2E3B60AD}.Debug|Any CPU.ActiveCfg = Debug|Any CPU
		{E1508495-2E33-4074-AA91-E8EC2E3B60AD}.Debug|Any CPU.Build.0 = Debug|Any CPU
		{E1508495-2E33-4074-AA91-E8EC2E3B60AD}.Release|Any CPU.ActiveCfg = Release|Any CPU
		{E1508495-2E33-4074-AA91-E8EC2E3B60AD}.Release|Any CPU.Build.0 = Release|Any CPU
		{AC3B1258-2E3D-4500-A42C-E3971D036283}.Debug|Any CPU.ActiveCfg = Debug|Any CPU
		{AC3B1258-2E3D-4500-A42C-E3971D036283}.Debug|Any CPU.Build.0 = Debug|Any CPU
		{AC3B1258-2E3D-4500-A42C-E3971D036283}.Release|Any CPU.ActiveCfg = Release|Any CPU
		{AC3B1258-2E3D-4500-A42C-E3971D036283}.Release|Any CPU.Build.0 = Release|Any CPU
	EndGlobalSection
	GlobalSection(SolutionProperties) = preSolution
		HideSolutionNode = FALSE
	EndGlobalSection
	GlobalSection(ExtensibilityGlobals) = postSolution
		SolutionGuid = {B3C0DC65-59B8-4A73-B0A4-6A1C4BC9C86D}
	EndGlobalSection
EndGlobal
